
Microsoft Visual Studio Solution File, Format Version 12.00
# Visual Studio Version 17
VisualStudioVersion = 17.7.34024.191
MinimumVisualStudioVersion = 10.0.40219.1
Project("{FAE04EC0-301F-11D3-BF4B-00C04F79EFBC}") = "TaskDay1", "TaskDay1\TaskDay1.csproj", "{17971A60-59F8-47BF-9C17-D1F1E7064531}"
EndProject
Global
	GlobalSection(SolutionConfigurationPlatforms) = preSolution
		Debug|Any CPU = Debug|Any CPU
		Release|Any CPU = Release|Any CPU
	EndGlobalSection
	GlobalSection(ProjectConfigurationPlatforms) = postSolution
		{17971A60-59F8-47BF-9C17-D1F1E7064531}.Debug|Any CPU.ActiveCfg = Debug|Any CPU
		{17971A60-59F8-47BF-9C17-D1F1E7064531}.Debug|Any CPU.Build.0 = Debug|Any CPU
		{17971A60-59F8-47BF-9C17-D1F1E7064531}.Release|Any CPU.ActiveCfg = Release|Any CPU
		{17971A60-59F8-47BF-9C17-D1F1E7064531}.Release|Any CPU.Build.0 = Release|Any CPU
	EndGlobalSection
	GlobalSection(SolutionProperties) = preSolution
		HideSolutionNode = FALSE
	EndGlobalSection
	GlobalSection(ExtensibilityGlobals) = postSolution
		SolutionGuid = {2C84F35E-62E3-4182-8A6F-3DFEB1652F16}
	EndGlobalSection
EndGlobal
